
Microsoft Visual Studio Solution File, Format Version 12.00
# Visual Studio Version 16
VisualStudioVersion = 16.0.31613.86
MinimumVisualStudioVersion = 10.0.40219.1
Project("{9A19103F-16F7-4668-BE54-9A1E7A4F7556}") = "PCA_HotkeyCommands (WPF)", "HotkeyCommands (WPF)\PCA_HotkeyCommands (WPF).csproj", "{2FA55A7F-CE98-4D60-8264-7B2AD54905D4}"
EndProject
Global
	GlobalSection(SolutionConfigurationPlatforms) = preSolution
		Debug|Any CPU = Debug|Any CPU
		Release|Any CPU = Release|Any CPU
	EndGlobalSection
	GlobalSection(ProjectConfigurationPlatforms) = postSolution
		{2FA55A7F-CE98-4D60-8264-7B2AD54905D4}.Debug|Any CPU.ActiveCfg = Debug|Any CPU
		{2FA55A7F-CE98-4D60-8264-7B2AD54905D4}.Debug|Any CPU.Build.0 = Debug|Any CPU
		{2FA55A7F-CE98-4D60-8264-7B2AD54905D4}.Release|Any CPU.ActiveCfg = Release|Any CPU
		{2FA55A7F-CE98-4D60-8264-7B2AD54905D4}.Release|Any CPU.Build.0 = Release|Any CPU
	EndGlobalSection
	GlobalSection(SolutionProperties) = preSolution
		HideSolutionNode = FALSE
	EndGlobalSection
	GlobalSection(ExtensibilityGlobals) = postSolution
		SolutionGuid = {E3DD5B14-6482-494A-808F-D344CF51590D}
	EndGlobalSection
EndGlobal
